// !$*UTF8*$!
{
	archiveVersion = 1;
	classes = {
	};
	objectVersion = 50;
	objects = {

/* Begin PBXBuildFile section */
		3DC13889216441C900EC87EF /* AppDelegate.swift in Sources */ = {isa = PBXBuildFile; fileRef = 3DC13888216441C900EC87EF /* AppDelegate.swift */; };
		3DC1388B216441C900EC87EF /* ViewController.swift in Sources */ = {isa = PBXBuildFile; fileRef = 3DC1388A216441C900EC87EF /* ViewController.swift */; };
		3DC1388E216441C900EC87EF /* Main.storyboard in Resources */ = {isa = PBXBuildFile; fileRef = 3DC1388C216441C900EC87EF /* Main.storyboard */; };
		3DC13890216441CB00EC87EF /* Assets.xcassets in Resources */ = {isa = PBXBuildFile; fileRef = 3DC1388F216441CB00EC87EF /* Assets.xcassets */; };
		3DC13893216441CB00EC87EF /* LaunchScreen.storyboard in Resources */ = {isa = PBXBuildFile; fileRef = 3DC13891216441CB00EC87EF /* LaunchScreen.storyboard */; };
		3DC1389E216441CB00EC87EF /* menurestaurantTests.swift in Sources */ = {isa = PBXBuildFile; fileRef = 3DC1389D216441CB00EC87EF /* menurestaurantTests.swift */; };
		3DC138A9216441CB00EC87EF /* menurestaurantUITests.swift in Sources */ = {isa = PBXBuildFile; fileRef = 3DC138A8216441CB00EC87EF /* menurestaurantUITests.swift */; };
		3DC138B72164427E00EC87EF /* Platillo.swift in Sources */ = {isa = PBXBuildFile; fileRef = 3DC138B62164427E00EC87EF /* Platillo.swift */; };
		3DC138B92164429000EC87EF /* Comentario.swift in Sources */ = {isa = PBXBuildFile; fileRef = 3DC138B82164429000EC87EF /* Comentario.swift */; };
		3DC138BB2164459A00EC87EF /* Datos.swift in Sources */ = {isa = PBXBuildFile; fileRef = 3DC138BA2164459A00EC87EF /* Datos.swift */; };
		3DC138BD21644F7C00EC87EF /* CeldaPlatillo.swift in Sources */ = {isa = PBXBuildFile; fileRef = 3DC138BC21644F7C00EC87EF /* CeldaPlatillo.swift */; };
/* End PBXBuildFile section */

/* Begin PBXContainerItemProxy section */
		3DC1389A216441CB00EC87EF /* PBXContainerItemProxy */ = {
			isa = PBXContainerItemProxy;
			containerPortal = 3DC1387D216441C900EC87EF /* Project object */;
			proxyType = 1;
			remoteGlobalIDString = 3DC13884216441C900EC87EF;
			remoteInfo = menurestaurant;
		};
		3DC138A5216441CB00EC87EF /* PBXContainerItemProxy */ = {
			isa = PBXContainerItemProxy;
			containerPortal = 3DC1387D216441C900EC87EF /* Project object */;
			proxyType = 1;
			remoteGlobalIDString = 3DC13884216441C900EC87EF;
			remoteInfo = menurestaurant;
		};
/* End PBXContainerItemProxy section */

/* Begin PBXFileReference section */
		3DC13885216441C900EC87EF /* menurestaurant.app */ = {isa = PBXFileReference; explicitFileType = wrapper.application; includeInIndex = 0; path = menurestaurant.app; sourceTree = BUILT_PRODUCTS_DIR; };
		3DC13888216441C900EC87EF /* AppDelegate.swift */ = {isa = PBXFileReference; lastKnownFileType = sourcecode.swift; path = AppDelegate.swift; sourceTree = "<group>"; };
		3DC1388A216441C900EC87EF /* ViewController.swift */ = {isa = PBXFileReference; lastKnownFileType = sourcecode.swift; path = ViewController.swift; sourceTree = "<group>"; };
		3DC1388D216441C900EC87EF /* Base */ = {isa = PBXFileReference; lastKnownFileType = file.storyboard; name = Base; path = Base.lproj/Main.storyboard; sourceTree = "<group>"; };
		3DC1388F216441CB00EC87EF /* Assets.xcassets */ = {isa = PBXFileReference; lastKnownFileType = folder.assetcatalog; path = Assets.xcassets; sourceTree = "<group>"; };
		3DC13892216441CB00EC87EF /* Base */ = {isa = PBXFileReference; lastKnownFileType = file.storyboard; name = Base; path = Base.lproj/LaunchScreen.storyboard; sourceTree = "<group>"; };
		3DC13894216441CB00EC87EF /* Info.plist */ = {isa = PBXFileReference; lastKnownFileType = text.plist.xml; path = Info.plist; sourceTree = "<group>"; };
		3DC13899216441CB00EC87EF /* menurestaurantTests.xctest */ = {isa = PBXFileReference; explicitFileType = wrapper.cfbundle; includeInIndex = 0; path = menurestaurantTests.xctest; sourceTree = BUILT_PRODUCTS_DIR; };
		3DC1389D216441CB00EC87EF /* menurestaurantTests.swift */ = {isa = PBXFileReference; lastKnownFileType = sourcecode.swift; path = menurestaurantTests.swift; sourceTree = "<group>"; };
		3DC1389F216441CB00EC87EF /* Info.plist */ = {isa = PBXFileReference; lastKnownFileType = text.plist.xml; path = Info.plist; sourceTree = "<group>"; };
		3DC138A4216441CB00EC87EF /* menurestaurantUITests.xctest */ = {isa = PBXFileReference; explicitFileType = wrapper.cfbundle; includeInIndex = 0; path = menurestaurantUITests.xctest; sourceTree = BUILT_PRODUCTS_DIR; };
		3DC138A8216441CB00EC87EF /* menurestaurantUITests.swift */ = {isa = PBXFileReference; lastKnownFileType = sourcecode.swift; path = menurestaurantUITests.swift; sourceTree = "<group>"; };
		3DC138AA216441CB00EC87EF /* Info.plist */ = {isa = PBXFileReference; lastKnownFileType = text.plist.xml; path = Info.plist; sourceTree = "<group>"; };
		3DC138B62164427E00EC87EF /* Platillo.swift */ = {isa = PBXFileReference; lastKnownFileType = sourcecode.swift; path = Platillo.swift; sourceTree = "<group>"; };
		3DC138B82164429000EC87EF /* Comentario.swift */ = {isa = PBXFileReference; lastKnownFileType = sourcecode.swift; path = Comentario.swift; sourceTree = "<group>"; };
		3DC138BA2164459A00EC87EF /* Datos.swift */ = {isa = PBXFileReference; lastKnownFileType = sourcecode.swift; path = Datos.swift; sourceTree = "<group>"; };
		3DC138BC21644F7C00EC87EF /* CeldaPlatillo.swift */ = {isa = PBXFileReference; lastKnownFileType = sourcecode.swift; path = CeldaPlatillo.swift; sourceTree = "<group>"; };
/* End PBXFileReference section */

/* Begin PBXFrameworksBuildPhase section */
		3DC13882216441C900EC87EF /* Frameworks */ = {
			isa = PBXFrameworksBuildPhase;
			buildActionMask = 2147483647;
			files = (
			);
			runOnlyForDeploymentPostprocessing = 0;
		};
		3DC13896216441CB00EC87EF /* Frameworks */ = {
			isa = PBXFrameworksBuildPhase;
			buildActionMask = 2147483647;
			files = (
			);
			runOnlyForDeploymentPostprocessing = 0;
		};
		3DC138A1216441CB00EC87EF /* Frameworks */ = {
			isa = PBXFrameworksBuildPhase;
			buildActionMask = 2147483647;
			files = (
			);
			runOnlyForDeploymentPostprocessing = 0;
		};
/* End PBXFrameworksBuildPhase section */

/* Begin PBXGroup section */
		3DC1387C216441C900EC87EF = {
			isa = PBXGroup;
			children = (
				3DC13887216441C900EC87EF /* menurestaurant */,
				3DC1389C216441CB00EC87EF /* menurestaurantTests */,
				3DC138A7216441CB00EC87EF /* menurestaurantUITests */,
				3DC13886216441C900EC87EF /* Products */,
			);
			sourceTree = "<group>";
		};
		3DC13886216441C900EC87EF /* Products */ = {
			isa = PBXGroup;
			children = (
				3DC13885216441C900EC87EF /* menurestaurant.app */,
				3DC13899216441CB00EC87EF /* menurestaurantTests.xctest */,
				3DC138A4216441CB00EC87EF /* menurestaurantUITests.xctest */,
			);
			name = Products;
			sourceTree = "<group>";
		};
		3DC13887216441C900EC87EF /* menurestaurant */ = {
			isa = PBXGroup;
			children = (
				3DC138B82164429000EC87EF /* Comentario.swift */,
				3DC138B62164427E00EC87EF /* Platillo.swift */,
				3DC13888216441C900EC87EF /* AppDelegate.swift */,
				3DC1388A216441C900EC87EF /* ViewController.swift */,
				3DC1388C216441C900EC87EF /* Main.storyboard */,
				3DC1388F216441CB00EC87EF /* Assets.xcassets */,
				3DC13891216441CB00EC87EF /* LaunchScreen.storyboard */,
				3DC13894216441CB00EC87EF /* Info.plist */,
				3DC138BA2164459A00EC87EF /* Datos.swift */,
				3DC138BC21644F7C00EC87EF /* CeldaPlatillo.swift */,
			);
			path = menurestaurant;
			sourceTree = "<group>";
		};
		3DC1389C216441CB00EC87EF /* menurestaurantTests */ = {
			isa = PBXGroup;
			children = (
				3DC1389D216441CB00EC87EF /* menurestaurantTests.swift */,
				3DC1389F216441CB00EC87EF /* Info.plist */,
			);
			path = menurestaurantTests;
			sourceTree = "<group>";
		};
		3DC138A7216441CB00EC87EF /* menurestaurantUITests */ = {
			isa = PBXGroup;
			children = (
				3DC138A8216441CB00EC87EF /* menurestaurantUITests.swift */,
				3DC138AA216441CB00EC87EF /* Info.plist */,
			);
			path = menurestaurantUITests;
			sourceTree = "<group>";
		};
/* End PBXGroup section */

/* Begin PBXNativeTarget section */
		3DC13884216441C900EC87EF /* menurestaurant */ = {
			isa = PBXNativeTarget;
			buildConfigurationList = 3DC138AD216441CB00EC87EF /* Build configuration list for PBXNativeTarget "menurestaurant" */;
			buildPhases = (
				3DC13881216441C900EC87EF /* Sources */,
				3DC13882216441C900EC87EF /* Frameworks */,
				3DC13883216441C900EC87EF /* Resources */,
			);
			buildRules = (
			);
			dependencies = (
			);
			name = menurestaurant;
			productName = menurestaurant;
			productReference = 3DC13885216441C900EC87EF /* menurestaurant.app */;
			productType = "com.apple.product-type.application";
		};
		3DC13898216441CB00EC87EF /* menurestaurantTests */ = {
			isa = PBXNativeTarget;
			buildConfigurationList = 3DC138B0216441CB00EC87EF /* Build configuration list for PBXNativeTarget "menurestaurantTests" */;
			buildPhases = (
				3DC13895216441CB00EC87EF /* Sources */,
				3DC13896216441CB00EC87EF /* Frameworks */,
				3DC13897216441CB00EC87EF /* Resources */,
			);
			buildRules = (
			);
			dependencies = (
				3DC1389B216441CB00EC87EF /* PBXTargetDependency */,
			);
			name = menurestaurantTests;
			productName = menurestaurantTests;
			productReference = 3DC13899216441CB00EC87EF /* menurestaurantTests.xctest */;
			productType = "com.apple.product-type.bundle.unit-test";
		};
		3DC138A3216441CB00EC87EF /* menurestaurantUITests */ = {
			isa = PBXNativeTarget;
			buildConfigurationList = 3DC138B3216441CB00EC87EF /* Build configuration list for PBXNativeTarget "menurestaurantUITests" */;
			buildPhases = (
				3DC138A0216441CB00EC87EF /* Sources */,
				3DC138A1216441CB00EC87EF /* Frameworks */,
				3DC138A2216441CB00EC87EF /* Resources */,
			);
			buildRules = (
			);
			dependencies = (
				3DC138A6216441CB00EC87EF /* PBXTargetDependency */,
			);
			name = menurestaurantUITests;
			productName = menurestaurantUITests;
			productReference = 3DC138A4216441CB00EC87EF /* menurestaurantUITests.xctest */;
			productType = "com.apple.product-type.bundle.ui-testing";
		};
/* End PBXNativeTarget section */

/* Begin PBXProject section */
		3DC1387D216441C900EC87EF /* Project object */ = {
			isa = PBXProject;
			attributes = {
				LastSwiftUpdateCheck = 0940;
				LastUpgradeCheck = 0940;
				ORGANIZATIONNAME = Alumno;
				TargetAttributes = {
					3DC13884216441C900EC87EF = {
						CreatedOnToolsVersion = 9.4.1;
					};
					3DC13898216441CB00EC87EF = {
						CreatedOnToolsVersion = 9.4.1;
						TestTargetID = 3DC13884216441C900EC87EF;
					};
					3DC138A3216441CB00EC87EF = {
						CreatedOnToolsVersion = 9.4.1;
						TestTargetID = 3DC13884216441C900EC87EF;
					};
				};
			};
			buildConfigurationList = 3DC13880216441C900EC87EF /* Build configuration list for PBXProject "menurestaurant" */;
			compatibilityVersion = "Xcode 9.3";
			developmentRegion = en;
			hasScannedForEncodings = 0;
			knownRegions = (
				en,
				Base,
			);
			mainGroup = 3DC1387C216441C900EC87EF;
			productRefGroup = 3DC13886216441C900EC87EF /* Products */;
			projectDirPath = "";
			projectRoot = "";
			targets = (
				3DC13884216441C900EC87EF /* menurestaurant */,
				3DC13898216441CB00EC87EF /* menurestaurantTests */,
				3DC138A3216441CB00EC87EF /* menurestaurantUITests */,
			);
		};
/* End PBXProject section */

/* Begin PBXResourcesBuildPhase section */
		3DC13883216441C900EC87EF /* Resources */ = {
			isa = PBXResourcesBuildPhase;
			buildActionMask = 2147483647;
			files = (
				3DC13893216441CB00EC87EF /* LaunchScreen.storyboard in Resources */,
				3DC13890216441CB00EC87EF /* Assets.xcassets in Resources */,
				3DC1388E216441C900EC87EF /* Main.storyboard in Resources */,
			);
			runOnlyForDeploymentPostprocessing = 0;
		};
		3DC13897216441CB00EC87EF /* Resources */ = {
			isa = PBXResourcesBuildPhase;
			buildActionMask = 2147483647;
			files = (
			);
			runOnlyForDeploymentPostprocessing = 0;
		};
		3DC138A2216441CB00EC87EF /* Resources */ = {
			isa = PBXResourcesBuildPhase;
			buildActionMask = 2147483647;
			files = (
			);
			runOnlyForDeploymentPostprocessing = 0;
		};
/* End PBXResourcesBuildPhase section */

/* Begin PBXSourcesBuildPhase section */
		3DC13881216441C900EC87EF /* Sources */ = {
			isa = PBXSourcesBuildPhase;
			buildActionMask = 2147483647;
			files = (
				3DC138BD21644F7C00EC87EF /* CeldaPlatillo.swift in Sources */,
				3DC138BB2164459A00EC87EF /* Datos.swift in Sources */,
				3DC138B92164429000EC87EF /* Comentario.swift in Sources */,
				3DC1388B216441C900EC87EF /* ViewController.swift in Sources */,
				3DC13889216441C900EC87EF /* AppDelegate.swift in Sources */,
				3DC138B72164427E00EC87EF /* Platillo.swift in Sources */,
			);
			runOnlyForDeploymentPostprocessing = 0;
		};
		3DC13895216441CB00EC87EF /* Sources */ = {
			isa = PBXSourcesBuildPhase;
			buildActionMask = 2147483647;
			files = (
				3DC1389E216441CB00EC87EF /* menurestaurantTests.swift in Sources */,
			);
			runOnlyForDeploymentPostprocessing = 0;
		};
		3DC138A0216441CB00EC87EF /* Sources */ = {
			isa = PBXSourcesBuildPhase;
			buildActionMask = 2147483647;
			files = (
				3DC138A9216441CB00EC87EF /* menurestaurantUITests.swift in Sources */,
			);
			runOnlyForDeploymentPostprocessing = 0;
		};
/* End PBXSourcesBuildPhase section */

/* Begin PBXTargetDependency section */
		3DC1389B216441CB00EC87EF /* PBXTargetDependency */ = {
			isa = PBXTargetDependency;
			target = 3DC13884216441C900EC87EF /* menurestaurant */;
			targetProxy = 3DC1389A216441CB00EC87EF /* PBXContainerItemProxy */;
		};
		3DC138A6216441CB00EC87EF /* PBXTargetDependency */ = {
			isa = PBXTargetDependency;
			target = 3DC13884216441C900EC87EF /* menurestaurant */;
			targetProxy = 3DC138A5216441CB00EC87EF /* PBXContainerItemProxy */;
		};
/* End PBXTargetDependency section */

/* Begin PBXVariantGroup section */
		3DC1388C216441C900EC87EF /* Main.storyboard */ = {
			isa = PBXVariantGroup;
			children = (
				3DC1388D216441C900EC87EF /* Base */,
			);
			name = Main.storyboard;
			sourceTree = "<group>";
		};
		3DC13891216441CB00EC87EF /* LaunchScreen.storyboard */ = {
			isa = PBXVariantGroup;
			children = (
				3DC13892216441CB00EC87EF /* Base */,
			);
			name = LaunchScreen.storyboard;
			sourceTree = "<group>";
		};
/* End PBXVariantGroup section */

/* Begin XCBuildConfiguration section */
		3DC138AB216441CB00EC87EF /* Debug */ = {
			isa = XCBuildConfiguration;
			buildSettings = {
				ALWAYS_SEARCH_USER_PATHS = NO;
				CLANG_ANALYZER_NONNULL = YES;
				CLANG_ANALYZER_NUMBER_OBJECT_CONVERSION = YES_AGGRESSIVE;
				CLANG_CXX_LANGUAGE_STANDARD = "gnu++14";
				CLANG_CXX_LIBRARY = "libc++";
				CLANG_ENABLE_MODULES = YES;
				CLANG_ENABLE_OBJC_ARC = YES;
				CLANG_ENABLE_OBJC_WEAK = YES;
				CLANG_WARN_BLOCK_CAPTURE_AUTORELEASING = YES;
				CLANG_WARN_BOOL_CONVERSION = YES;
				CLANG_WARN_COMMA = YES;
				CLANG_WARN_CONSTANT_CONVERSION = YES;
				CLANG_WARN_DEPRECATED_OBJC_IMPLEMENTATIONS = YES;
				CLANG_WARN_DIRECT_OBJC_ISA_USAGE = YES_ERROR;
				CLANG_WARN_DOCUMENTATION_COMMENTS = YES;
				CLANG_WARN_EMPTY_BODY = YES;
				CLANG_WARN_ENUM_CONVERSION = YES;
				CLANG_WARN_INFINITE_RECURSION = YES;
				CLANG_WARN_INT_CONVERSION = YES;
				CLANG_WARN_NON_LITERAL_NULL_CONVERSION = YES;
				CLANG_WARN_OBJC_IMPLICIT_RETAIN_SELF = YES;
				CLANG_WARN_OBJC_LITERAL_CONVERSION = YES;
				CLANG_WARN_OBJC_ROOT_CLASS = YES_ERROR;
				CLANG_WARN_RANGE_LOOP_ANALYSIS = YES;
				CLANG_WARN_STRICT_PROTOTYPES = YES;
				CLANG_WARN_SUSPICIOUS_MOVE = YES;
				CLANG_WARN_UNGUARDED_AVAILABILITY = YES_AGGRESSIVE;
				CLANG_WARN_UNREACHABLE_CODE = YES;
				CLANG_WARN__DUPLICATE_METHOD_MATCH = YES;
				CODE_SIGN_IDENTITY = "iPhone Developer";
				COPY_PHASE_STRIP = NO;
				DEBUG_INFORMATION_FORMAT = dwarf;
				ENABLE_STRICT_OBJC_MSGSEND = YES;
				ENABLE_TESTABILITY = YES;
				GCC_C_LANGUAGE_STANDARD = gnu11;
				GCC_DYNAMIC_NO_PIC = NO;
				GCC_NO_COMMON_BLOCKS = YES;
				GCC_OPTIMIZATION_LEVEL = 0;
				GCC_PREPROCESSOR_DEFINITIONS = (
					"DEBUG=1",
					"$(inherited)",
				);
				GCC_WARN_64_TO_32_BIT_CONVERSION = YES;
				GCC_WARN_ABOUT_RETURN_TYPE = YES_ERROR;
				GCC_WARN_UNDECLARED_SELECTOR = YES;
				GCC_WARN_UNINITIALIZED_AUTOS = YES_AGGRESSIVE;
				GCC_WARN_UNUSED_FUNCTION = YES;
				GCC_WARN_UNUSED_VARIABLE = YES;
				IPHONEOS_DEPLOYMENT_TARGET = 11.4;
				MTL_ENABLE_DEBUG_INFO = YES;
				ONLY_ACTIVE_ARCH = YES;
				SDKROOT = iphoneos;
				SWIFT_ACTIVE_COMPILATION_CONDITIONS = DEBUG;
				SWIFT_OPTIMIZATION_LEVEL = "-Onone";
			};
			name = Debug;
		};
		3DC138AC216441CB00EC87EF /* Release */ = {
			isa = XCBuildConfiguration;
			buildSettings = {
				ALWAYS_SEARCH_USER_PATHS = NO;
				CLANG_ANALYZER_NONNULL = YES;
				CLANG_ANALYZER_NUMBER_OBJECT_CONVERSION = YES_AGGRESSIVE;
				CLANG_CXX_LANGUAGE_STANDARD = "gnu++14";
				CLANG_CXX_LIBRARY = "libc++";
				CLANG_ENABLE_MODULES = YES;
				CLANG_ENABLE_OBJC_ARC = YES;
				CLANG_ENABLE_OBJC_WEAK = YES;
				CLANG_WARN_BLOCK_CAPTURE_AUTORELEASING = YES;
				CLANG_WARN_BOOL_CONVERSION = YES;
				CLANG_WARN_COMMA = YES;
				CLANG_WARN_CONSTANT_CONVERSION = YES;
				CLANG_WARN_DEPRECATED_OBJC_IMPLEMENTATIONS = YES;
				CLANG_WARN_DIRECT_OBJC_ISA_USAGE = YES_ERROR;
				CLANG_WARN_DOCUMENTATION_COMMENTS = YES;
				CLANG_WARN_EMPTY_BODY = YES;
				CLANG_WARN_ENUM_CONVERSION = YES;
				CLANG_WARN_INFINITE_RECURSION = YES;
				CLANG_WARN_INT_CONVERSION = YES;
				CLANG_WARN_NON_LITERAL_NULL_CONVERSION = YES;
				CLANG_WARN_OBJC_IMPLICIT_RETAIN_SELF = YES;
				CLANG_WARN_OBJC_LITERAL_CONVERSION = YES;
				CLANG_WARN_OBJC_ROOT_CLASS = YES_ERROR;
				CLANG_WARN_RANGE_LOOP_ANALYSIS = YES;
				CLANG_WARN_STRICT_PROTOTYPES = YES;
				CLANG_WARN_SUSPICIOUS_MOVE = YES;
				CLANG_WARN_UNGUARDED_AVAILABILITY = YES_AGGRESSIVE;
				CLANG_WARN_UNREACHABLE_CODE = YES;
				CLANG_WARN__DUPLICATE_METHOD_MATCH = YES;
				CODE_SIGN_IDENTITY = "iPhone Developer";
				COPY_PHASE_STRIP = NO;
				DEBUG_INFORMATION_FORMAT = "dwarf-with-dsym";
				ENABLE_NS_ASSERTIONS = NO;
				ENABLE_STRICT_OBJC_MSGSEND = YES;
				GCC_C_LANGUAGE_STANDARD = gnu11;
				GCC_NO_COMMON_BLOCKS = YES;
				GCC_WARN_64_TO_32_BIT_CONVERSION = YES;
				GCC_WARN_ABOUT_RETURN_TYPE = YES_ERROR;
				GCC_WARN_UNDECLARED_SELECTOR = YES;
				GCC_WARN_UNINITIALIZED_AUTOS = YES_AGGRESSIVE;
				GCC_WARN_UNUSED_FUNCTION = YES;
				GCC_WARN_UNUSED_VARIABLE = YES;
				IPHONEOS_DEPLOYMENT_TARGET = 11.4;
				MTL_ENABLE_DEBUG_INFO = NO;
				SDKROOT = iphoneos;
				SWIFT_COMPILATION_MODE = wholemodule;
				SWIFT_OPTIMIZATION_LEVEL = "-O";
				VALIDATE_PRODUCT = YES;
			};
			name = Release;
		};
		3DC138AE216441CB00EC87EF /* Debug */ = {
			isa = XCBuildConfiguration;
			buildSettings = {
				ASSETCATALOG_COMPILER_APPICON_NAME = AppIcon;
				CODE_SIGN_STYLE = Automatic;
				INFOPLIST_FILE = menurestaurant/Info.plist;
				LD_RUNPATH_SEARCH_PATHS = (
					"$(inherited)",
					"@executable_path/Frameworks",
				);
				PRODUCT_BUNDLE_IDENTIFIER = edu.ulsa.menurestaurant;
				PRODUCT_NAME = "$(TARGET_NAME)";
				SWIFT_VERSION = 4.0;
				TARGETED_DEVICE_FAMILY = "1,2";
			};
			name = Debug;
		};
		3DC138AF216441CB00EC87EF /* Release */ = {
			isa = XCBuildConfiguration;
			buildSettings = {
				ASSETCATALOG_COMPILER_APPICON_NAME = AppIcon;
				CODE_SIGN_STYLE = Automatic;
				INFOPLIST_FILE = menurestaurant/Info.plist;
				LD_RUNPATH_SEARCH_PATHS = (
					"$(inherited)",
					"@executable_path/Frameworks",
				);
				PRODUCT_BUNDLE_IDENTIFIER = edu.ulsa.menurestaurant;
				PRODUCT_NAME = "$(TARGET_NAME)";
				SWIFT_VERSION = 4.0;
				TARGETED_DEVICE_FAMILY = "1,2";
			};
			name = Release;
		};
		3DC138B1216441CB00EC87EF /* Debug */ = {
			isa = XCBuildConfiguration;
			buildSettings = {
				ALWAYS_EMBED_SWIFT_STANDARD_LIBRARIES = YES;
				BUNDLE_LOADER = "$(TEST_HOST)";
				CODE_SIGN_STYLE = Automatic;
				INFOPLIST_FILE = menurestaurantTests/Info.plist;
				LD_RUNPATH_SEARCH_PATHS = (
					"$(inherited)",
					"@executable_path/Frameworks",
					"@loader_path/Frameworks",
				);
				PRODUCT_BUNDLE_IDENTIFIER = edu.ulsa.menurestaurantTests;
				PRODUCT_NAME = "$(TARGET_NAME)";
				SWIFT_VERSION = 4.0;
				TARGETED_DEVICE_FAMILY = "1,2";
				TEST_HOST = "$(BUILT_PRODUCTS_DIR)/menurestaurant.app/menurestaurant";
			};
			name = Debug;
		};
		3DC138B2216441CB00EC87EF /* Release */ = {
			isa = XCBuildConfiguration;
			buildSettings = {
				ALWAYS_EMBED_SWIFT_STANDARD_LIBRARIES = YES;
				BUNDLE_LOADER = "$(TEST_HOST)";
				CODE_SIGN_STYLE = Automatic;
				INFOPLIST_FILE = menurestaurantTests/Info.plist;
				LD_RUNPATH_SEARCH_PATHS = (
					"$(inherited)",
					"@executable_path/Frameworks",
					"@loader_path/Frameworks",
				);
				PRODUCT_BUNDLE_IDENTIFIER = edu.ulsa.menurestaurantTests;
				PRODUCT_NAME = "$(TARGET_NAME)";
				SWIFT_VERSION = 4.0;
				TARGETED_DEVICE_FAMILY = "1,2";
				TEST_HOST = "$(BUILT_PRODUCTS_DIR)/menurestaurant.app/menurestaurant";
			};
			name = Release;
		};
		3DC138B4216441CB00EC87EF /* Debug */ = {
			isa = XCBuildConfiguration;
			buildSettings = {
				ALWAYS_EMBED_SWIFT_STANDARD_LIBRARIES = YES;
				CODE_SIGN_STYLE = Automatic;
				INFOPLIST_FILE = menurestaurantUITests/Info.plist;
				LD_RUNPATH_SEARCH_PATHS = (
					"$(inherited)",
					"@executable_path/Frameworks",
					"@loader_path/Frameworks",
				);
				PRODUCT_BUNDLE_IDENTIFIER = edu.ulsa.menurestaurantUITests;
				PRODUCT_NAME = "$(TARGET_NAME)";
				SWIFT_VERSION = 4.0;
				TARGETED_DEVICE_FAMILY = "1,2";
				TEST_TARGET_NAME = menurestaurant;
			};
			name = Debug;
		};
		3DC138B5216441CB00EC87EF /* Release */ = {
			isa = XCBuildConfiguration;
			buildSettings = {
				ALWAYS_EMBED_SWIFT_STANDARD_LIBRARIES = YES;
				CODE_SIGN_STYLE = Automatic;
				INFOPLIST_FILE = menurestaurantUITests/Info.plist;
				LD_RUNPATH_SEARCH_PATHS = (
					"$(inherited)",
					"@executable_path/Frameworks",
					"@loader_path/Frameworks",
				);
				PRODUCT_BUNDLE_IDENTIFIER = edu.ulsa.menurestaurantUITests;
				PRODUCT_NAME = "$(TARGET_NAME)";
				SWIFT_VERSION = 4.0;
				TARGETED_DEVICE_FAMILY = "1,2";
				TEST_TARGET_NAME = menurestaurant;
			};
			name = Release;
		};
/* End XCBuildConfiguration section */

/* Begin XCConfigurationList section */
		3DC13880216441C900EC87EF /* Build configuration list for PBXProject "menurestaurant" */ = {
			isa = XCConfigurationList;
			buildConfigurations = (
				3DC138AB216441CB00EC87EF /* Debug */,
				3DC138AC216441CB00EC87EF /* Release */,
			);
			defaultConfigurationIsVisible = 0;
			defaultConfigurationName = Release;
		};
		3DC138AD216441CB00EC87EF /* Build configuration list for PBXNativeTarget "menurestaurant" */ = {
			isa = XCConfigurationList;
			buildConfigurations = (
				3DC138AE216441CB00EC87EF /* Debug */,
				3DC138AF216441CB00EC87EF /* Release */,
			);
			defaultConfigurationIsVisible = 0;
			defaultConfigurationName = Release;
		};
		3DC138B0216441CB00EC87EF /* Build configuration list for PBXNativeTarget "menurestaurantTests" */ = {
			isa = XCConfigurationList;
			buildConfigurations = (
				3DC138B1216441CB00EC87EF /* Debug */,
				3DC138B2216441CB00EC87EF /* Release */,
			);
			defaultConfigurationIsVisible = 0;
			defaultConfigurationName = Release;
		};
		3DC138B3216441CB00EC87EF /* Build configuration list for PBXNativeTarget "menurestaurantUITests" */ = {
			isa = XCConfigurationList;
			buildConfigurations = (
				3DC138B4216441CB00EC87EF /* Debug */,
				3DC138B5216441CB00EC87EF /* Release */,
			);
			defaultConfigurationIsVisible = 0;
			defaultConfigurationName = Release;
		};
/* End XCConfigurationList section */
	};
	rootObject = 3DC1387D216441C900EC87EF /* Project object */;
}
